// !$*UTF8*$!
{
	archiveVersion = 1;
	classes = {
	};
	objectVersion = 46;
	objects = {

/* Begin PBXBuildFile section */
		3FD186C51C32D680002B5C79 /* main.m in Sources */ = {isa = PBXBuildFile; fileRef = 3FD186C41C32D680002B5C79 /* main.m */; };
		3FD186C81C32D680002B5C79 /* AppDelegate.m in Sources */ = {isa = PBXBuildFile; fileRef = 3FD186C71C32D680002B5C79 /* AppDelegate.m */; };
		3FD186CB1C32D680002B5C79 /* ViewController.m in Sources */ = {isa = PBXBuildFile; fileRef = 3FD186CA1C32D680002B5C79 /* ViewController.m */; };
		3FD186CE1C32D680002B5C79 /* Main.storyboard in Resources */ = {isa = PBXBuildFile; fileRef = 3FD186CC1C32D680002B5C79 /* Main.storyboard */; };
		3FD186D01C32D680002B5C79 /* Assets.xcassets in Resources */ = {isa = PBXBuildFile; fileRef = 3FD186CF1C32D680002B5C79 /* Assets.xcassets */; };
		3FD186D31C32D680002B5C79 /* LaunchScreen.storyboard in Resources */ = {isa = PBXBuildFile; fileRef = 3FD186D11C32D680002B5C79 /* LaunchScreen.storyboard */; };
		3FD186DD1C32E045002B5C79 /* GameValue.m in Sources */ = {isa = PBXBuildFile; fileRef = 3FD186DC1C32E045002B5C79 /* GameValue.m */; settings = {ASSET_TAGS = (); }; };
		3FD186E01C32E6C9002B5C79 /* GameArray.m in Sources */ = {isa = PBXBuildFile; fileRef = 3FD186DF1C32E6C9002B5C79 /* GameArray.m */; settings = {ASSET_TAGS = (); }; };
		3FD186E31C353E1B002B5C79 /* NumberBag.m in Sources */ = {isa = PBXBuildFile; fileRef = 3FD186E21C353E1B002B5C79 /* NumberBag.m */; settings = {ASSET_TAGS = (); }; };
		3FD186E61C35624A002B5C79 /* Player.m in Sources */ = {isa = PBXBuildFile; fileRef = 3FD186E51C35624A002B5C79 /* Player.m */; settings = {ASSET_TAGS = (); }; };
		3FD186E91C357349002B5C79 /* Game.m in Sources */ = {isa = PBXBuildFile; fileRef = 3FD186E81C357349002B5C79 /* Game.m */; settings = {ASSET_TAGS = (); }; };
		3FD186ED1C358F60002B5C79 /* GameArrayCollectionViewController.m in Sources */ = {isa = PBXBuildFile; fileRef = 3FD186EC1C358F60002B5C79 /* GameArrayCollectionViewController.m */; settings = {ASSET_TAGS = (); }; };
/* End PBXBuildFile section */

/* Begin PBXFileReference section */
		3FD186C01C32D680002B5C79 /* NumberTrain.app */ = {isa = PBXFileReference; explicitFileType = wrapper.application; includeInIndex = 0; path = NumberTrain.app; sourceTree = BUILT_PRODUCTS_DIR; };
		3FD186C41C32D680002B5C79 /* main.m */ = {isa = PBXFileReference; lastKnownFileType = sourcecode.c.objc; path = main.m; sourceTree = "<group>"; };
		3FD186C61C32D680002B5C79 /* AppDelegate.h */ = {isa = PBXFileReference; lastKnownFileType = sourcecode.c.h; path = AppDelegate.h; sourceTree = "<group>"; };
		3FD186C71C32D680002B5C79 /* AppDelegate.m */ = {isa = PBXFileReference; lastKnownFileType = sourcecode.c.objc; path = AppDelegate.m; sourceTree = "<group>"; };
		3FD186C91C32D680002B5C79 /* ViewController.h */ = {isa = PBXFileReference; lastKnownFileType = sourcecode.c.h; path = ViewController.h; sourceTree = "<group>"; };
		3FD186CA1C32D680002B5C79 /* ViewController.m */ = {isa = PBXFileReference; lastKnownFileType = sourcecode.c.objc; path = ViewController.m; sourceTree = "<group>"; };
		3FD186CD1C32D680002B5C79 /* Base */ = {isa = PBXFileReference; lastKnownFileType = file.storyboard; name = Base; path = Base.lproj/Main.storyboard; sourceTree = "<group>"; };
		3FD186CF1C32D680002B5C79 /* Assets.xcassets */ = {isa = PBXFileReference; lastKnownFileType = folder.assetcatalog; path = Assets.xcassets; sourceTree = "<group>"; };
		3FD186D21C32D680002B5C79 /* Base */ = {isa = PBXFileReference; lastKnownFileType = file.storyboard; name = Base; path = Base.lproj/LaunchScreen.storyboard; sourceTree = "<group>"; };
		3FD186D41C32D680002B5C79 /* Info.plist */ = {isa = PBXFileReference; lastKnownFileType = text.plist.xml; path = Info.plist; sourceTree = "<group>"; };
		3FD186DB1C32E045002B5C79 /* GameValue.h */ = {isa = PBXFileReference; fileEncoding = 4; lastKnownFileType = sourcecode.c.h; path = GameValue.h; sourceTree = "<group>"; };
		3FD186DC1C32E045002B5C79 /* GameValue.m */ = {isa = PBXFileReference; fileEncoding = 4; lastKnownFileType = sourcecode.c.objc; path = GameValue.m; sourceTree = "<group>"; };
		3FD186DE1C32E6C9002B5C79 /* GameArray.h */ = {isa = PBXFileReference; fileEncoding = 4; lastKnownFileType = sourcecode.c.h; path = GameArray.h; sourceTree = "<group>"; };
		3FD186DF1C32E6C9002B5C79 /* GameArray.m */ = {isa = PBXFileReference; fileEncoding = 4; lastKnownFileType = sourcecode.c.objc; path = GameArray.m; sourceTree = "<group>"; };
		3FD186E11C353E1B002B5C79 /* NumberBag.h */ = {isa = PBXFileReference; fileEncoding = 4; lastKnownFileType = sourcecode.c.h; path = NumberBag.h; sourceTree = "<group>"; };
		3FD186E21C353E1B002B5C79 /* NumberBag.m */ = {isa = PBXFileReference; fileEncoding = 4; lastKnownFileType = sourcecode.c.objc; path = NumberBag.m; sourceTree = "<group>"; };
		3FD186E41C35624A002B5C79 /* Player.h */ = {isa = PBXFileReference; fileEncoding = 4; lastKnownFileType = sourcecode.c.h; path = Player.h; sourceTree = "<group>"; };
		3FD186E51C35624A002B5C79 /* Player.m */ = {isa = PBXFileReference; fileEncoding = 4; lastKnownFileType = sourcecode.c.objc; path = Player.m; sourceTree = "<group>"; };
		3FD186E71C357349002B5C79 /* Game.h */ = {isa = PBXFileReference; fileEncoding = 4; lastKnownFileType = sourcecode.c.h; path = Game.h; sourceTree = "<group>"; };
		3FD186E81C357349002B5C79 /* Game.m */ = {isa = PBXFileReference; fileEncoding = 4; lastKnownFileType = sourcecode.c.objc; path = Game.m; sourceTree = "<group>"; };
		3FD186EB1C358F60002B5C79 /* GameArrayCollectionViewController.h */ = {isa = PBXFileReference; fileEncoding = 4; lastKnownFileType = sourcecode.c.h; path = GameArrayCollectionViewController.h; sourceTree = "<group>"; };
		3FD186EC1C358F60002B5C79 /* GameArrayCollectionViewController.m */ = {isa = PBXFileReference; fileEncoding = 4; lastKnownFileType = sourcecode.c.objc; path = GameArrayCollectionViewController.m; sourceTree = "<group>"; };
/* End PBXFileReference section */

/* Begin PBXFrameworksBuildPhase section */
		3FD186BD1C32D680002B5C79 /* Frameworks */ = {
			isa = PBXFrameworksBuildPhase;
			buildActionMask = 2147483647;
			files = (
			);
			runOnlyForDeploymentPostprocessing = 0;
		};
/* End PBXFrameworksBuildPhase section */

/* Begin PBXGroup section */
		3FD186B71C32D680002B5C79 = {
			isa = PBXGroup;
			children = (
				3FD186C21C32D680002B5C79 /* NumberTrain */,
				3FD186C11C32D680002B5C79 /* Products */,
			);
			sourceTree = "<group>";
		};
		3FD186C11C32D680002B5C79 /* Products */ = {
			isa = PBXGroup;
			children = (
				3FD186C01C32D680002B5C79 /* NumberTrain.app */,
			);
			name = Products;
			sourceTree = "<group>";
		};
		3FD186C21C32D680002B5C79 /* NumberTrain */ = {
			isa = PBXGroup;
			children = (
				3FD186DA1C32D97E002B5C79 /* Model */,
				3FD186EA1C358EE9002B5C79 /* ViewControllers */,
				3FD186C61C32D680002B5C79 /* AppDelegate.h */,
				3FD186C71C32D680002B5C79 /* AppDelegate.m */,
				3FD186C91C32D680002B5C79 /* ViewController.h */,
				3FD186CA1C32D680002B5C79 /* ViewController.m */,
				3FD186CC1C32D680002B5C79 /* Main.storyboard */,
				3FD186CF1C32D680002B5C79 /* Assets.xcassets */,
				3FD186D11C32D680002B5C79 /* LaunchScreen.storyboard */,
				3FD186D41C32D680002B5C79 /* Info.plist */,
				3FD186C31C32D680002B5C79 /* Supporting Files */,
			);
			path = NumberTrain;
			sourceTree = "<group>";
		};
		3FD186C31C32D680002B5C79 /* Supporting Files */ = {
			isa = PBXGroup;
			children = (
				3FD186C41C32D680002B5C79 /* main.m */,
			);
			name = "Supporting Files";
			sourceTree = "<group>";
		};
		3FD186DA1C32D97E002B5C79 /* Model */ = {
			isa = PBXGroup;
			children = (
				3FD186DB1C32E045002B5C79 /* GameValue.h */,
				3FD186DC1C32E045002B5C79 /* GameValue.m */,
				3FD186DE1C32E6C9002B5C79 /* GameArray.h */,
				3FD186DF1C32E6C9002B5C79 /* GameArray.m */,
				3FD186E11C353E1B002B5C79 /* NumberBag.h */,
				3FD186E21C353E1B002B5C79 /* NumberBag.m */,
				3FD186E41C35624A002B5C79 /* Player.h */,
				3FD186E51C35624A002B5C79 /* Player.m */,
				3FD186E71C357349002B5C79 /* Game.h */,
				3FD186E81C357349002B5C79 /* Game.m */,
			);
			name = Model;
			sourceTree = "<group>";
		};
		3FD186EA1C358EE9002B5C79 /* ViewControllers */ = {
			isa = PBXGroup;
			children = (
				3FD186EB1C358F60002B5C79 /* GameArrayCollectionViewController.h */,
				3FD186EC1C358F60002B5C79 /* GameArrayCollectionViewController.m */,
			);
			name = ViewControllers;
			sourceTree = "<group>";
		};
/* End PBXGroup section */

/* Begin PBXNativeTarget section */
		3FD186BF1C32D680002B5C79 /* NumberTrain */ = {
			isa = PBXNativeTarget;
			buildConfigurationList = 3FD186D71C32D680002B5C79 /* Build configuration list for PBXNativeTarget "NumberTrain" */;
			buildPhases = (
				3FD186BC1C32D680002B5C79 /* Sources */,
				3FD186BD1C32D680002B5C79 /* Frameworks */,
				3FD186BE1C32D680002B5C79 /* Resources */,
			);
			buildRules = (
			);
			dependencies = (
			);
			name = NumberTrain;
			productName = NumberTrain;
			productReference = 3FD186C01C32D680002B5C79 /* NumberTrain.app */;
			productType = "com.apple.product-type.application";
		};
/* End PBXNativeTarget section */

/* Begin PBXProject section */
		3FD186B81C32D680002B5C79 /* Project object */ = {
			isa = PBXProject;
			attributes = {
				LastUpgradeCheck = 0700;
				ORGANIZATIONNAME = "David Kurtz";
				TargetAttributes = {
					3FD186BF1C32D680002B5C79 = {
						CreatedOnToolsVersion = 7.0.1;
						DevelopmentTeam = EDN8AN6KV3;
					};
				};
			};
			buildConfigurationList = 3FD186BB1C32D680002B5C79 /* Build configuration list for PBXProject "NumberTrain" */;
			compatibilityVersion = "Xcode 3.2";
			developmentRegion = English;
			hasScannedForEncodings = 0;
			knownRegions = (
				en,
				Base,
			);
			mainGroup = 3FD186B71C32D680002B5C79;
			productRefGroup = 3FD186C11C32D680002B5C79 /* Products */;
			projectDirPath = "";
			projectRoot = "";
			targets = (
				3FD186BF1C32D680002B5C79 /* NumberTrain */,
			);
		};
/* End PBXProject section */

/* Begin PBXResourcesBuildPhase section */
		3FD186BE1C32D680002B5C79 /* Resources */ = {
			isa = PBXResourcesBuildPhase;
			buildActionMask = 2147483647;
			files = (
				3FD186D31C32D680002B5C79 /* LaunchScreen.storyboard in Resources */,
				3FD186D01C32D680002B5C79 /* Assets.xcassets in Resources */,
				3FD186CE1C32D680002B5C79 /* Main.storyboard in Resources */,
			);
			runOnlyForDeploymentPostprocessing = 0;
		};
/* End PBXResourcesBuildPhase section */

/* Begin PBXSourcesBuildPhase section */
		3FD186BC1C32D680002B5C79 /* Sources */ = {
			isa = PBXSourcesBuildPhase;
			buildActionMask = 2147483647;
			files = (
				3FD186CB1C32D680002B5C79 /* ViewController.m in Sources */,
				3FD186E01C32E6C9002B5C79 /* GameArray.m in Sources */,
				3FD186DD1C32E045002B5C79 /* GameValue.m in Sources */,
				3FD186E91C357349002B5C79 /* Game.m in Sources */,
				3FD186ED1C358F60002B5C79 /* GameArrayCollectionViewController.m in Sources */,
				3FD186C81C32D680002B5C79 /* AppDelegate.m in Sources */,
				3FD186C51C32D680002B5C79 /* main.m in Sources */,
				3FD186E61C35624A002B5C79 /* Player.m in Sources */,
				3FD186E31C353E1B002B5C79 /* NumberBag.m in Sources */,
			);
			runOnlyForDeploymentPostprocessing = 0;
		};
/* End PBXSourcesBuildPhase section */

/* Begin PBXVariantGroup section */
		3FD186CC1C32D680002B5C79 /* Main.storyboard */ = {
			isa = PBXVariantGroup;
			children = (
				3FD186CD1C32D680002B5C79 /* Base */,
			);
			name = Main.storyboard;
			sourceTree = "<group>";
		};
		3FD186D11C32D680002B5C79 /* LaunchScreen.storyboard */ = {
			isa = PBXVariantGroup;
			children = (
				3FD186D21C32D680002B5C79 /* Base */,
			);
			name = LaunchScreen.storyboard;
			sourceTree = "<group>";
		};
/* End PBXVariantGroup section */

/* Begin XCBuildConfiguration section */
		3FD186D51C32D680002B5C79 /* Debug */ = {
			isa = XCBuildConfiguration;
			buildSettings = {
				ALWAYS_SEARCH_USER_PATHS = NO;
				CLANG_CXX_LANGUAGE_STANDARD = "gnu++0x";
				CLANG_CXX_LIBRARY = "libc++";
				CLANG_ENABLE_MODULES = YES;
				CLANG_ENABLE_OBJC_ARC = YES;
				CLANG_WARN_BOOL_CONVERSION = YES;
				CLANG_WARN_CONSTANT_CONVERSION = YES;
				CLANG_WARN_DIRECT_OBJC_ISA_USAGE = YES_ERROR;
				CLANG_WARN_EMPTY_BODY = YES;
				CLANG_WARN_ENUM_CONVERSION = YES;
				CLANG_WARN_INT_CONVERSION = YES;
				CLANG_WARN_OBJC_ROOT_CLASS = YES_ERROR;
				CLANG_WARN_UNREACHABLE_CODE = YES;
				CLANG_WARN__DUPLICATE_METHOD_MATCH = YES;
				"CODE_SIGN_IDENTITY[sdk=iphoneos*]" = "iPhone Developer";
				COPY_PHASE_STRIP = NO;
				DEBUG_INFORMATION_FORMAT = dwarf;
				ENABLE_STRICT_OBJC_MSGSEND = YES;
				ENABLE_TESTABILITY = YES;
				GCC_C_LANGUAGE_STANDARD = gnu99;
				GCC_DYNAMIC_NO_PIC = NO;
				GCC_NO_COMMON_BLOCKS = YES;
				GCC_OPTIMIZATION_LEVEL = 0;
				GCC_PREPROCESSOR_DEFINITIONS = (
					"DEBUG=1",
					"$(inherited)",
				);
				GCC_WARN_64_TO_32_BIT_CONVERSION = YES;
				GCC_WARN_ABOUT_RETURN_TYPE = YES_ERROR;
				GCC_WARN_UNDECLARED_SELECTOR = YES;
				GCC_WARN_UNINITIALIZED_AUTOS = YES_AGGRESSIVE;
				GCC_WARN_UNUSED_FUNCTION = YES;
				GCC_WARN_UNUSED_VARIABLE = YES;
				IPHONEOS_DEPLOYMENT_TARGET = 9.0;
				MTL_ENABLE_DEBUG_INFO = YES;
				ONLY_ACTIVE_ARCH = YES;
				SDKROOT = iphoneos;
			};
			name = Debug;
		};
		3FD186D61C32D680002B5C79 /* Release */ = {
			isa = XCBuildConfiguration;
			buildSettings = {
				ALWAYS_SEARCH_USER_PATHS = NO;
				CLANG_CXX_LANGUAGE_STANDARD = "gnu++0x";
				CLANG_CXX_LIBRARY = "libc++";
				CLANG_ENABLE_MODULES = YES;
				CLANG_ENABLE_OBJC_ARC = YES;
				CLANG_WARN_BOOL_CONVERSION = YES;
				CLANG_WARN_CONSTANT_CONVERSION = YES;
				CLANG_WARN_DIRECT_OBJC_ISA_USAGE = YES_ERROR;
				CLANG_WARN_EMPTY_BODY = YES;
				CLANG_WARN_ENUM_CONVERSION = YES;
				CLANG_WARN_INT_CONVERSION = YES;
				CLANG_WARN_OBJC_ROOT_CLASS = YES_ERROR;
				CLANG_WARN_UNREACHABLE_CODE = YES;
				CLANG_WARN__DUPLICATE_METHOD_MATCH = YES;
				"CODE_SIGN_IDENTITY[sdk=iphoneos*]" = "iPhone Developer";
				COPY_PHASE_STRIP = NO;
				DEBUG_INFORMATION_FORMAT = "dwarf-with-dsym";
				ENABLE_NS_ASSERTIONS = NO;
				ENABLE_STRICT_OBJC_MSGSEND = YES;
				GCC_C_LANGUAGE_STANDARD = gnu99;
				GCC_NO_COMMON_BLOCKS = YES;
				GCC_WARN_64_TO_32_BIT_CONVERSION = YES;
				GCC_WARN_ABOUT_RETURN_TYPE = YES_ERROR;
				GCC_WARN_UNDECLARED_SELECTOR = YES;
				GCC_WARN_UNINITIALIZED_AUTOS = YES_AGGRESSIVE;
				GCC_WARN_UNUSED_FUNCTION = YES;
				GCC_WARN_UNUSED_VARIABLE = YES;
				IPHONEOS_DEPLOYMENT_TARGET = 9.0;
				MTL_ENABLE_DEBUG_INFO = NO;
				SDKROOT = iphoneos;
				VALIDATE_PRODUCT = YES;
			};
			name = Release;
		};
		3FD186D81C32D680002B5C79 /* Debug */ = {
			isa = XCBuildConfiguration;
			buildSettings = {
				ASSETCATALOG_COMPILER_APPICON_NAME = AppIcon;
				INFOPLIST_FILE = NumberTrain/Info.plist;
				LD_RUNPATH_SEARCH_PATHS = "$(inherited) @executable_path/Frameworks";
				PRODUCT_BUNDLE_IDENTIFIER = dkurtz.NumberTrain;
				PRODUCT_NAME = "$(TARGET_NAME)";
			};
			name = Debug;
		};
		3FD186D91C32D680002B5C79 /* Release */ = {
			isa = XCBuildConfiguration;
			buildSettings = {
				ASSETCATALOG_COMPILER_APPICON_NAME = AppIcon;
				INFOPLIST_FILE = NumberTrain/Info.plist;
				LD_RUNPATH_SEARCH_PATHS = "$(inherited) @executable_path/Frameworks";
				PRODUCT_BUNDLE_IDENTIFIER = dkurtz.NumberTrain;
				PRODUCT_NAME = "$(TARGET_NAME)";
			};
			name = Release;
		};
/* End XCBuildConfiguration section */

/* Begin XCConfigurationList section */
		3FD186BB1C32D680002B5C79 /* Build configuration list for PBXProject "NumberTrain" */ = {
			isa = XCConfigurationList;
			buildConfigurations = (
				3FD186D51C32D680002B5C79 /* Debug */,
				3FD186D61C32D680002B5C79 /* Release */,
			);
			defaultConfigurationIsVisible = 0;
			defaultConfigurationName = Release;
		};
		3FD186D71C32D680002B5C79 /* Build configuration list for PBXNativeTarget "NumberTrain" */ = {
			isa = XCConfigurationList;
			buildConfigurations = (
				3FD186D81C32D680002B5C79 /* Debug */,
				3FD186D91C32D680002B5C79 /* Release */,
			);
			defaultConfigurationIsVisible = 0;
		};
/* End XCConfigurationList section */
	};
	rootObject = 3FD186B81C32D680002B5C79 /* Project object */;
}
